
Microsoft Visual Studio Solution File, Format Version 12.00
# Visual Studio 15
VisualStudioVersion = 15.0.27428.2002
MinimumVisualStudioVersion = 10.0.40219.1
Project("{FAE04EC0-301F-11D3-BF4B-00C04F79EFBC}") = "TimeTable.Android", "TimeTable\TimeTable.Android\TimeTable.Android.csproj", "{9665C9C7-52EB-43B9-BCC8-AFDEC4AE46B0}"
EndProject
Project("{FAE04EC0-301F-11D3-BF4B-00C04F79EFBC}") = "TimeTable.iOS", "TimeTable\TimeTable.iOS\TimeTable.iOS.csproj", "{1CEA9A49-EDDA-4096-AA47-549310BDFCCC}"
EndProject
Project("{FAE04EC0-301F-11D3-BF4B-00C04F79EFBC}") = "TimeTable.UWP", "TimeTable\TimeTable.UWP\TimeTable.UWP.csproj", "{ADAB9BAF-90FD-416F-B139-883D209322C5}"
EndProject
Project("{FAE04EC0-301F-11D3-BF4B-00C04F79EFBC}") = "TimeTable", "TimeTable\TimeTable\TimeTable.csproj", "{BA8BF841-AD64-4D6A-9440-B02FB4843BA7}"
EndProject
Global
	GlobalSection(SolutionConfigurationPlatforms) = preSolution
		Ad-Hoc|Any CPU = Ad-Hoc|Any CPU
		Ad-Hoc|ARM = Ad-Hoc|ARM
		Ad-Hoc|iPhone = Ad-Hoc|iPhone
		Ad-Hoc|iPhoneSimulator = Ad-Hoc|iPhoneSimulator
		Ad-Hoc|x64 = Ad-Hoc|x64
		Ad-Hoc|x86 = Ad-Hoc|x86
		AppStore|Any CPU = AppStore|Any CPU
		AppStore|ARM = AppStore|ARM
		AppStore|iPhone = AppStore|iPhone
		AppStore|iPhoneSimulator = AppStore|iPhoneSimulator
		AppStore|x64 = AppStore|x64
		AppStore|x86 = AppStore|x86
		Debug|Any CPU = Debug|Any CPU
		Debug|ARM = Debug|ARM
		Debug|iPhone = Debug|iPhone
		Debug|iPhoneSimulator = Debug|iPhoneSimulator
		Debug|x64 = Debug|x64
		Debug|x86 = Debug|x86
		Release|Any CPU = Release|Any CPU
		Release|ARM = Release|ARM
		Release|iPhone = Release|iPhone
		Release|iPhoneSimulator = Release|iPhoneSimulator
		Release|x64 = Release|x64
		Release|x86 = Release|x86
	EndGlobalSection
	GlobalSection(ProjectConfigurationPlatforms) = postSolution
		{9665C9C7-52EB-43B9-BCC8-AFDEC4AE46B0}.Ad-Hoc|Any CPU.ActiveCfg = Release|Any CPU
		{9665C9C7-52EB-43B9-BCC8-AFDEC4AE46B0}.Ad-Hoc|Any CPU.Build.0 = Release|Any CPU
		{9665C9C7-52EB-43B9-BCC8-AFDEC4AE46B0}.Ad-Hoc|Any CPU.Deploy.0 = Release|Any CPU
		{9665C9C7-52EB-43B9-BCC8-AFDEC4AE46B0}.Ad-Hoc|ARM.ActiveCfg = Release|Any CPU
		{9665C9C7-52EB-43B9-BCC8-AFDEC4AE46B0}.Ad-Hoc|ARM.Build.0 = Release|Any CPU
		{9665C9C7-52EB-43B9-BCC8-AFDEC4AE46B0}.Ad-Hoc|ARM.Deploy.0 = Release|Any CPU
		{9665C9C7-52EB-43B9-BCC8-AFDEC4AE46B0}.Ad-Hoc|iPhone.ActiveCfg = Release|Any CPU
		{9665C9C7-52EB-43B9-BCC8-AFDEC4AE46B0}.Ad-Hoc|iPhone.Build.0 = Release|Any CPU
		{9665C9C7-52EB-43B9-BCC8-AFDEC4AE46B0}.Ad-Hoc|iPhone.Deploy.0 = Release|Any CPU
		{9665C9C7-52EB-43B9-BCC8-AFDEC4AE46B0}.Ad-Hoc|iPhoneSimulator.ActiveCfg = Release|Any CPU
		{9665C9C7-52EB-43B9-BCC8-AFDEC4AE46B0}.Ad-Hoc|iPhoneSimulator.Build.0 = Release|Any CPU
		{9665C9C7-52EB-43B9-BCC8-AFDEC4AE46B0}.Ad-Hoc|iPhoneSimulator.Deploy.0 = Release|Any CPU
		{9665C9C7-52EB-43B9-BCC8-AFDEC4AE46B0}.Ad-Hoc|x64.ActiveCfg = Release|Any CPU
		{9665C9C7-52EB-43B9-BCC8-AFDEC4AE46B0}.Ad-Hoc|x64.Build.0 = Release|Any CPU
		{9665C9C7-52EB-43B9-BCC8-AFDEC4AE46B0}.Ad-Hoc|x64.Deploy.0 = Release|Any CPU
		{9665C9C7-52EB-43B9-BCC8-AFDEC4AE46B0}.Ad-Hoc|x86.ActiveCfg = Release|Any CPU
		{9665C9C7-52EB-43B9-BCC8-AFDEC4AE46B0}.Ad-Hoc|x86.Build.0 = Release|Any CPU
		{9665C9C7-52EB-43B9-BCC8-AFDEC4AE46B0}.Ad-Hoc|x86.Deploy.0 = Release|Any CPU
		{9665C9C7-52EB-43B9-BCC8-AFDEC4AE46B0}.AppStore|Any CPU.ActiveCfg = Release|Any CPU
		{9665C9C7-52EB-43B9-BCC8-AFDEC4AE46B0}.AppStore|Any CPU.Build.0 = Release|Any CPU
		{9665C9C7-52EB-43B9-BCC8-AFDEC4AE46B0}.AppStore|Any CPU.Deploy.0 = Release|Any CPU
		{9665C9C7-52EB-43B9-BCC8-AFDEC4AE46B0}.AppStore|ARM.ActiveCfg = Release|Any CPU
		{9665C9C7-52EB-43B9-BCC8-AFDEC4AE46B0}.AppStore|ARM.Build.0 = Release|Any CPU
		{9665C9C7-52EB-43B9-BCC8-AFDEC4AE46B0}.AppStore|ARM.Deploy.0 = Release|Any CPU
		{9665C9C7-52EB-43B9-BCC8-AFDEC4AE46B0}.AppStore|iPhone.ActiveCfg = Release|Any CPU
		{9665C9C7-52EB-43B9-BCC8-AFDEC4AE46B0}.AppStore|iPhone.Build.0 = Release|Any CPU
		{9665C9C7-52EB-43B9-BCC8-AFDEC4AE46B0}.AppStore|iPhone.Deploy.0 = Release|Any CPU
		{9665C9C7-52EB-43B9-BCC8-AFDEC4AE46B0}.AppStore|iPhoneSimulator.ActiveCfg = Release|Any CPU
		{9665C9C7-52EB-43B9-BCC8-AFDEC4AE46B0}.AppStore|iPhoneSimulator.Build.0 = Release|Any CPU
		{9665C9C7-52EB-43B9-BCC8-AFDEC4AE46B0}.AppStore|iPhoneSimulator.Deploy.0 = Release|Any CPU
		{9665C9C7-52EB-43B9-BCC8-AFDEC4AE46B0}.AppStore|x64.ActiveCfg = Release|Any CPU
		{9665C9C7-52EB-43B9-BCC8-AFDEC4AE46B0}.AppStore|x64.Build.0 = Release|Any CPU
		{9665C9C7-52EB-43B9-BCC8-AFDEC4AE46B0}.AppStore|x64.Deploy.0 = Release|Any CPU
		{9665C9C7-52EB-43B9-BCC8-AFDEC4AE46B0}.AppStore|x86.ActiveCfg = Release|Any CPU
		{9665C9C7-52EB-43B9-BCC8-AFDEC4AE46B0}.AppStore|x86.Build.0 = Release|Any CPU
		{9665C9C7-52EB-43B9-BCC8-AFDEC4AE46B0}.AppStore|x86.Deploy.0 = Release|Any CPU
		{9665C9C7-52EB-43B9-BCC8-AFDEC4AE46B0}.Debug|Any CPU.ActiveCfg = Debug|Any CPU
		{9665C9C7-52EB-43B9-BCC8-AFDEC4AE46B0}.Debug|Any CPU.Build.0 = Debug|Any CPU
		{9665C9C7-52EB-43B9-BCC8-AFDEC4AE46B0}.Debug|Any CPU.Deploy.0 = Debug|Any CPU
		{9665C9C7-52EB-43B9-BCC8-AFDEC4AE46B0}.Debug|ARM.ActiveCfg = Debug|Any CPU
		{9665C9C7-52EB-43B9-BCC8-AFDEC4AE46B0}.Debug|ARM.Build.0 = Debug|Any CPU
		{9665C9C7-52EB-43B9-BCC8-AFDEC4AE46B0}.Debug|ARM.Deploy.0 = Debug|Any CPU
		{9665C9C7-52EB-43B9-BCC8-AFDEC4AE46B0}.Debug|iPhone.ActiveCfg = Debug|Any CPU
		{9665C9C7-52EB-43B9-BCC8-AFDEC4AE46B0}.Debug|iPhone.Build.0 = Debug|Any CPU
		{9665C9C7-52EB-43B9-BCC8-AFDEC4AE46B0}.Debug|iPhone.Deploy.0 = Debug|Any CPU
		{9665C9C7-52EB-43B9-BCC8-AFDEC4AE46B0}.Debug|iPhoneSimulator.ActiveCfg = Debug|Any CPU
		{9665C9C7-52EB-43B9-BCC8-AFDEC4AE46B0}.Debug|iPhoneSimulator.Build.0 = Debug|Any CPU
		{9665C9C7-52EB-43B9-BCC8-AFDEC4AE46B0}.Debug|iPhoneSimulator.Deploy.0 = Debug|Any CPU
		{9665C9C7-52EB-43B9-BCC8-AFDEC4AE46B0}.Debug|x64.ActiveCfg = Debug|Any CPU
		{9665C9C7-52EB-43B9-BCC8-AFDEC4AE46B0}.Debug|x64.Build.0 = Debug|Any CPU
		{9665C9C7-52EB-43B9-BCC8-AFDEC4AE46B0}.Debug|x64.Deploy.0 = Debug|Any CPU
		{9665C9C7-52EB-43B9-BCC8-AFDEC4AE46B0}.Debug|x86.ActiveCfg = Debug|Any CPU
		{9665C9C7-52EB-43B9-BCC8-AFDEC4AE46B0}.Debug|x86.Build.0 = Debug|Any CPU
		{9665C9C7-52EB-43B9-BCC8-AFDEC4AE46B0}.Debug|x86.Deploy.0 = Debug|Any CPU
		{9665C9C7-52EB-43B9-BCC8-AFDEC4AE46B0}.Release|Any CPU.ActiveCfg = Release|Any CPU
		{9665C9C7-52EB-43B9-BCC8-AFDEC4AE46B0}.Release|Any CPU.Build.0 = Release|Any CPU
		{9665C9C7-52EB-43B9-BCC8-AFDEC4AE46B0}.Release|Any CPU.Deploy.0 = Release|Any CPU
		{9665C9C7-52EB-43B9-BCC8-AFDEC4AE46B0}.Release|ARM.ActiveCfg = Release|Any CPU
		{9665C9C7-52EB-43B9-BCC8-AFDEC4AE46B0}.Release|ARM.Build.0 = Release|Any CPU
		{9665C9C7-52EB-43B9-BCC8-AFDEC4AE46B0}.Release|ARM.Deploy.0 = Release|Any CPU
		{9665C9C7-52EB-43B9-BCC8-AFDEC4AE46B0}.Release|iPhone.ActiveCfg = Release|Any CPU
		{9665C9C7-52EB-43B9-BCC8-AFDEC4AE46B0}.Release|iPhone.Build.0 = Release|Any CPU
		{9665C9C7-52EB-43B9-BCC8-AFDEC4AE46B0}.Release|iPhone.Deploy.0 = Release|Any CPU
		{9665C9C7-52EB-43B9-BCC8-AFDEC4AE46B0}.Release|iPhoneSimulator.ActiveCfg = Release|Any CPU
		{9665C9C7-52EB-43B9-BCC8-AFDEC4AE46B0}.Release|iPhoneSimulator.Build.0 = Release|Any CPU
		{9665C9C7-52EB-43B9-BCC8-AFDEC4AE46B0}.Release|iPhoneSimulator.Deploy.0 = Release|Any CPU
		{9665C9C7-52EB-43B9-BCC8-AFDEC4AE46B0}.Release|x64.ActiveCfg = Release|Any CPU
		{9665C9C7-52EB-43B9-BCC8-AFDEC4AE46B0}.Release|x64.Build.0 = Release|Any CPU
		{9665C9C7-52EB-43B9-BCC8-AFDEC4AE46B0}.Release|x64.Deploy.0 = Release|Any CPU
		{9665C9C7-52EB-43B9-BCC8-AFDEC4AE46B0}.Release|x86.ActiveCfg = Release|Any CPU
		{9665C9C7-52EB-43B9-BCC8-AFDEC4AE46B0}.Release|x86.Build.0 = Release|Any CPU
		{9665C9C7-52EB-43B9-BCC8-AFDEC4AE46B0}.Release|x86.Deploy.0 = Release|Any CPU
		{1CEA9A49-EDDA-4096-AA47-549310BDFCCC}.Ad-Hoc|Any CPU.ActiveCfg = Ad-Hoc|iPhone
		{1CEA9A49-EDDA-4096-AA47-549310BDFCCC}.Ad-Hoc|ARM.ActiveCfg = Ad-Hoc|iPhone
		{1CEA9A49-EDDA-4096-AA47-549310BDFCCC}.Ad-Hoc|iPhone.ActiveCfg = Ad-Hoc|iPhone
		{1CEA9A49-EDDA-4096-AA47-549310BDFCCC}.Ad-Hoc|iPhone.Build.0 = Ad-Hoc|iPhone
		{1CEA9A49-EDDA-4096-AA47-549310BDFCCC}.Ad-Hoc|iPhoneSimulator.ActiveCfg = Ad-Hoc|iPhoneSimulator
		{1CEA9A49-EDDA-4096-AA47-549310BDFCCC}.Ad-Hoc|iPhoneSimulator.Build.0 = Ad-Hoc|iPhoneSimulator
		{1CEA9A49-EDDA-4096-AA47-549310BDFCCC}.Ad-Hoc|x64.ActiveCfg = Ad-Hoc|iPhone
		{1CEA9A49-EDDA-4096-AA47-549310BDFCCC}.Ad-Hoc|x86.ActiveCfg = Ad-Hoc|iPhone
		{1CEA9A49-EDDA-4096-AA47-549310BDFCCC}.AppStore|Any CPU.ActiveCfg = AppStore|iPhone
		{1CEA9A49-EDDA-4096-AA47-549310BDFCCC}.AppStore|ARM.ActiveCfg = AppStore|iPhone
		{1CEA9A49-EDDA-4096-AA47-549310BDFCCC}.AppStore|iPhone.ActiveCfg = AppStore|iPhone
		{1CEA9A49-EDDA-4096-AA47-549310BDFCCC}.AppStore|iPhone.Build.0 = AppStore|iPhone
		{1CEA9A49-EDDA-4096-AA47-549310BDFCCC}.AppStore|iPhoneSimulator.ActiveCfg = AppStore|iPhoneSimulator
		{1CEA9A49-EDDA-4096-AA47-549310BDFCCC}.AppStore|iPhoneSimulator.Build.0 = AppStore|iPhoneSimulator
		{1CEA9A49-EDDA-4096-AA47-549310BDFCCC}.AppStore|x64.ActiveCfg = AppStore|iPhone
		{1CEA9A49-EDDA-4096-AA47-549310BDFCCC}.AppStore|x86.ActiveCfg = AppStore|iPhone
		{1CEA9A49-EDDA-4096-AA47-549310BDFCCC}.Debug|Any CPU.ActiveCfg = Debug|iPhone
		{1CEA9A49-EDDA-4096-AA47-549310BDFCCC}.Debug|ARM.ActiveCfg = Debug|iPhone
		{1CEA9A49-EDDA-4096-AA47-549310BDFCCC}.Debug|iPhone.ActiveCfg = Debug|iPhone
		{1CEA9A49-EDDA-4096-AA47-549310BDFCCC}.Debug|iPhone.Build.0 = Debug|iPhone
		{1CEA9A49-EDDA-4096-AA47-549310BDFCCC}.Debug|iPhoneSimulator.ActiveCfg = Debug|iPhoneSimulator
		{1CEA9A49-EDDA-4096-AA47-549310BDFCCC}.Debug|iPhoneSimulator.Build.0 = Debug|iPhoneSimulator
		{1CEA9A49-EDDA-4096-AA47-549310BDFCCC}.Debug|x64.ActiveCfg = Debug|iPhone
		{1CEA9A49-EDDA-4096-AA47-549310BDFCCC}.Debug|x86.ActiveCfg = Debug|iPhone
		{1CEA9A49-EDDA-4096-AA47-549310BDFCCC}.Release|Any CPU.ActiveCfg = Release|iPhone
		{1CEA9A49-EDDA-4096-AA47-549310BDFCCC}.Release|ARM.ActiveCfg = Release|iPhone
		{1CEA9A49-EDDA-4096-AA47-549310BDFCCC}.Release|iPhone.ActiveCfg = Release|iPhone
		{1CEA9A49-EDDA-4096-AA47-549310BDFCCC}.Release|iPhone.Build.0 = Release|iPhone
		{1CEA9A49-EDDA-4096-AA47-549310BDFCCC}.Release|iPhoneSimulator.ActiveCfg = Release|iPhoneSimulator
		{1CEA9A49-EDDA-4096-AA47-549310BDFCCC}.Release|iPhoneSimulator.Build.0 = Release|iPhoneSimulator
		{1CEA9A49-EDDA-4096-AA47-549310BDFCCC}.Release|x64.ActiveCfg = Release|iPhone
		{1CEA9A49-EDDA-4096-AA47-549310BDFCCC}.Release|x86.ActiveCfg = Release|iPhone
		{ADAB9BAF-90FD-416F-B139-883D209322C5}.Ad-Hoc|Any CPU.ActiveCfg = Release|x86
		{ADAB9BAF-90FD-416F-B139-883D209322C5}.Ad-Hoc|Any CPU.Build.0 = Release|x86
		{ADAB9BAF-90FD-416F-B139-883D209322C5}.Ad-Hoc|Any CPU.Deploy.0 = Release|x86
		{ADAB9BAF-90FD-416F-B139-883D209322C5}.Ad-Hoc|ARM.ActiveCfg = Release|ARM
		{ADAB9BAF-90FD-416F-B139-883D209322C5}.Ad-Hoc|ARM.Build.0 = Release|ARM
		{ADAB9BAF-90FD-416F-B139-883D209322C5}.Ad-Hoc|ARM.Deploy.0 = Release|ARM
		{ADAB9BAF-90FD-416F-B139-883D209322C5}.Ad-Hoc|iPhone.ActiveCfg = Release|x86
		{ADAB9BAF-90FD-416F-B139-883D209322C5}.Ad-Hoc|iPhone.Build.0 = Release|x86
		{ADAB9BAF-90FD-416F-B139-883D209322C5}.Ad-Hoc|iPhone.Deploy.0 = Release|x86
		{ADAB9BAF-90FD-416F-B139-883D209322C5}.Ad-Hoc|iPhoneSimulator.ActiveCfg = Release|x86
		{ADAB9BAF-90FD-416F-B139-883D209322C5}.Ad-Hoc|iPhoneSimulator.Build.0 = Release|x86
		{ADAB9BAF-90FD-416F-B139-883D209322C5}.Ad-Hoc|iPhoneSimulator.Deploy.0 = Release|x86
		{ADAB9BAF-90FD-416F-B139-883D209322C5}.Ad-Hoc|x64.ActiveCfg = Release|x64
		{ADAB9BAF-90FD-416F-B139-883D209322C5}.Ad-Hoc|x64.Build.0 = Release|x64
		{ADAB9BAF-90FD-416F-B139-883D209322C5}.Ad-Hoc|x64.Deploy.0 = Release|x64
		{ADAB9BAF-90FD-416F-B139-883D209322C5}.Ad-Hoc|x86.ActiveCfg = Release|x86
		{ADAB9BAF-90FD-416F-B139-883D209322C5}.Ad-Hoc|x86.Build.0 = Release|x86
		{ADAB9BAF-90FD-416F-B139-883D209322C5}.Ad-Hoc|x86.Deploy.0 = Release|x86
		{ADAB9BAF-90FD-416F-B139-883D209322C5}.AppStore|Any CPU.ActiveCfg = Release|x86
		{ADAB9BAF-90FD-416F-B139-883D209322C5}.AppStore|Any CPU.Build.0 = Release|x86
		{ADAB9BAF-90FD-416F-B139-883D209322C5}.AppStore|Any CPU.Deploy.0 = Release|x86
		{ADAB9BAF-90FD-416F-B139-883D209322C5}.AppStore|ARM.ActiveCfg = Release|ARM
		{ADAB9BAF-90FD-416F-B139-883D209322C5}.AppStore|ARM.Build.0 = Release|ARM
		{ADAB9BAF-90FD-416F-B139-883D209322C5}.AppStore|ARM.Deploy.0 = Release|ARM
		{ADAB9BAF-90FD-416F-B139-883D209322C5}.AppStore|iPhone.ActiveCfg = Release|x86
		{ADAB9BAF-90FD-416F-B139-883D209322C5}.AppStore|iPhone.Build.0 = Release|x86
		{ADAB9BAF-90FD-416F-B139-883D209322C5}.AppStore|iPhone.Deploy.0 = Release|x86
		{ADAB9BAF-90FD-416F-B139-883D209322C5}.AppStore|iPhoneSimulator.ActiveCfg = Release|x86
		{ADAB9BAF-90FD-416F-B139-883D209322C5}.AppStore|iPhoneSimulator.Build.0 = Release|x86
		{ADAB9BAF-90FD-416F-B139-883D209322C5}.AppStore|iPhoneSimulator.Deploy.0 = Release|x86
		{ADAB9BAF-90FD-416F-B139-883D209322C5}.AppStore|x64.ActiveCfg = Release|x64
		{ADAB9BAF-90FD-416F-B139-883D209322C5}.AppStore|x64.Build.0 = Release|x64
		{ADAB9BAF-90FD-416F-B139-883D209322C5}.AppStore|x64.Deploy.0 = Release|x64
		{ADAB9BAF-90FD-416F-B139-883D209322C5}.AppStore|x86.ActiveCfg = Release|x86
		{ADAB9BAF-90FD-416F-B139-883D209322C5}.AppStore|x86.Build.0 = Release|x86
		{ADAB9BAF-90FD-416F-B139-883D209322C5}.AppStore|x86.Deploy.0 = Release|x86
		{ADAB9BAF-90FD-416F-B139-883D209322C5}.Debug|Any CPU.ActiveCfg = Debug|x86
		{ADAB9BAF-90FD-416F-B139-883D209322C5}.Debug|ARM.ActiveCfg = Debug|ARM
		{ADAB9BAF-90FD-416F-B139-883D209322C5}.Debug|ARM.Build.0 = Debug|ARM
		{ADAB9BAF-90FD-416F-B139-883D209322C5}.Debug|ARM.Deploy.0 = Debug|ARM
		{ADAB9BAF-90FD-416F-B139-883D209322C5}.Debug|iPhone.ActiveCfg = Debug|x86
		{ADAB9BAF-90FD-416F-B139-883D209322C5}.Debug|iPhoneSimulator.ActiveCfg = Debug|x86
		{ADAB9BAF-90FD-416F-B139-883D209322C5}.Debug|x64.ActiveCfg = Debug|x64
		{ADAB9BAF-90FD-416F-B139-883D209322C5}.Debug|x64.Build.0 = Debug|x64
		{ADAB9BAF-90FD-416F-B139-883D209322C5}.Debug|x64.Deploy.0 = Debug|x64
		{ADAB9BAF-90FD-416F-B139-883D209322C5}.Debug|x86.ActiveCfg = Debug|x86
		{ADAB9BAF-90FD-416F-B139-883D209322C5}.Debug|x86.Build.0 = Debug|x86
		{ADAB9BAF-90FD-416F-B139-883D209322C5}.Debug|x86.Deploy.0 = Debug|x86
		{ADAB9BAF-90FD-416F-B139-883D209322C5}.Release|Any CPU.ActiveCfg = Release|x86
		{ADAB9BAF-90FD-416F-B139-883D209322C5}.Release|ARM.ActiveCfg = Release|ARM
		{ADAB9BAF-90FD-416F-B139-883D209322C5}.Release|ARM.Build.0 = Release|ARM
		{ADAB9BAF-90FD-416F-B139-883D209322C5}.Release|ARM.Deploy.0 = Release|ARM
		{ADAB9BAF-90FD-416F-B139-883D209322C5}.Release|iPhone.ActiveCfg = Release|x86
		{ADAB9BAF-90FD-416F-B139-883D209322C5}.Release|iPhoneSimulator.ActiveCfg = Release|x86
		{ADAB9BAF-90FD-416F-B139-883D209322C5}.Release|x64.ActiveCfg = Release|x64
		{ADAB9BAF-90FD-416F-B139-883D209322C5}.Release|x64.Build.0 = Release|x64
		{ADAB9BAF-90FD-416F-B139-883D209322C5}.Release|x64.Deploy.0 = Release|x64
		{ADAB9BAF-90FD-416F-B139-883D209322C5}.Release|x86.ActiveCfg = Release|x86
		{ADAB9BAF-90FD-416F-B139-883D209322C5}.Release|x86.Build.0 = Release|x86
		{ADAB9BAF-90FD-416F-B139-883D209322C5}.Release|x86.Deploy.0 = Release|x86
		{BA8BF841-AD64-4D6A-9440-B02FB4843BA7}.Ad-Hoc|Any CPU.ActiveCfg = Debug|Any CPU
		{BA8BF841-AD64-4D6A-9440-B02FB4843BA7}.Ad-Hoc|Any CPU.Build.0 = Debug|Any CPU
		{BA8BF841-AD64-4D6A-9440-B02FB4843BA7}.Ad-Hoc|ARM.ActiveCfg = Debug|Any CPU
		{BA8BF841-AD64-4D6A-9440-B02FB4843BA7}.Ad-Hoc|ARM.Build.0 = Debug|Any CPU
		{BA8BF841-AD64-4D6A-9440-B02FB4843BA7}.Ad-Hoc|iPhone.ActiveCfg = Debug|Any CPU
		{BA8BF841-AD64-4D6A-9440-B02FB4843BA7}.Ad-Hoc|iPhone.Build.0 = Debug|Any CPU
		{BA8BF841-AD64-4D6A-9440-B02FB4843BA7}.Ad-Hoc|iPhoneSimulator.ActiveCfg = Debug|Any CPU
		{BA8BF841-AD64-4D6A-9440-B02FB4843BA7}.Ad-Hoc|iPhoneSimulator.Build.0 = Debug|Any CPU
		{BA8BF841-AD64-4D6A-9440-B02FB4843BA7}.Ad-Hoc|x64.ActiveCfg = Debug|Any CPU
		{BA8BF841-AD64-4D6A-9440-B02FB4843BA7}.Ad-Hoc|x64.Build.0 = Debug|Any CPU
		{BA8BF841-AD64-4D6A-9440-B02FB4843BA7}.Ad-Hoc|x86.ActiveCfg = Debug|Any CPU
		{BA8BF841-AD64-4D6A-9440-B02FB4843BA7}.Ad-Hoc|x86.Build.0 = Debug|Any CPU
		{BA8BF841-AD64-4D6A-9440-B02FB4843BA7}.AppStore|Any CPU.ActiveCfg = Debug|Any CPU
		{BA8BF841-AD64-4D6A-9440-B02FB4843BA7}.AppStore|Any CPU.Build.0 = Debug|Any CPU
		{BA8BF841-AD64-4D6A-9440-B02FB4843BA7}.AppStore|ARM.ActiveCfg = Debug|Any CPU
		{BA8BF841-AD64-4D6A-9440-B02FB4843BA7}.AppStore|ARM.Build.0 = Debug|Any CPU
		{BA8BF841-AD64-4D6A-9440-B02FB4843BA7}.AppStore|iPhone.ActiveCfg = Debug|Any CPU
		{BA8BF841-AD64-4D6A-9440-B02FB4843BA7}.AppStore|iPhone.Build.0 = Debug|Any CPU
		{BA8BF841-AD64-4D6A-9440-B02FB4843BA7}.AppStore|iPhoneSimulator.ActiveCfg = Debug|Any CPU
		{BA8BF841-AD64-4D6A-9440-B02FB4843BA7}.AppStore|iPhoneSimulator.Build.0 = Debug|Any CPU
		{BA8BF841-AD64-4D6A-9440-B02FB4843BA7}.AppStore|x64.ActiveCfg = Debug|Any CPU
		{BA8BF841-AD64-4D6A-9440-B02FB4843BA7}.AppStore|x64.Build.0 = Debug|Any CPU
		{BA8BF841-AD64-4D6A-9440-B02FB4843BA7}.AppStore|x86.ActiveCfg = Debug|Any CPU
		{BA8BF841-AD64-4D6A-9440-B02FB4843BA7}.AppStore|x86.Build.0 = Debug|Any CPU
		{BA8BF841-AD64-4D6A-9440-B02FB4843BA7}.Debug|Any CPU.ActiveCfg = Debug|Any CPU
		{BA8BF841-AD64-4D6A-9440-B02FB4843BA7}.Debug|Any CPU.Build.0 = Debug|Any CPU
		{BA8BF841-AD64-4D6A-9440-B02FB4843BA7}.Debug|ARM.ActiveCfg = Debug|Any CPU
		{BA8BF841-AD64-4D6A-9440-B02FB4843BA7}.Debug|ARM.Build.0 = Debug|Any CPU
		{BA8BF841-AD64-4D6A-9440-B02FB4843BA7}.Debug|iPhone.ActiveCfg = Debug|Any CPU
		{BA8BF841-AD64-4D6A-9440-B02FB4843BA7}.Debug|iPhone.Build.0 = Debug|Any CPU
		{BA8BF841-AD64-4D6A-9440-B02FB4843BA7}.Debug|iPhoneSimulator.ActiveCfg = Debug|Any CPU
		{BA8BF841-AD64-4D6A-9440-B02FB4843BA7}.Debug|iPhoneSimulator.Build.0 = Debug|Any CPU
		{BA8BF841-AD64-4D6A-9440-B02FB4843BA7}.Debug|x64.ActiveCfg = Debug|Any CPU
		{BA8BF841-AD64-4D6A-9440-B02FB4843BA7}.Debug|x64.Build.0 = Debug|Any CPU
		{BA8BF841-AD64-4D6A-9440-B02FB4843BA7}.Debug|x86.ActiveCfg = Debug|Any CPU
		{BA8BF841-AD64-4D6A-9440-B02FB4843BA7}.Debug|x86.Build.0 = Debug|Any CPU
		{BA8BF841-AD64-4D6A-9440-B02FB4843BA7}.Release|Any CPU.ActiveCfg = Release|Any CPU
		{BA8BF841-AD64-4D6A-9440-B02FB4843BA7}.Release|Any CPU.Build.0 = Release|Any CPU
		{BA8BF841-AD64-4D6A-9440-B02FB4843BA7}.Release|ARM.ActiveCfg = Release|Any CPU
		{BA8BF841-AD64-4D6A-9440-B02FB4843BA7}.Release|ARM.Build.0 = Release|Any CPU
		{BA8BF841-AD64-4D6A-9440-B02FB4843BA7}.Release|iPhone.ActiveCfg = Release|Any CPU
		{BA8BF841-AD64-4D6A-9440-B02FB4843BA7}.Release|iPhone.Build.0 = Release|Any CPU
		{BA8BF841-AD64-4D6A-9440-B02FB4843BA7}.Release|iPhoneSimulator.ActiveCfg = Release|Any CPU
		{BA8BF841-AD64-4D6A-9440-B02FB4843BA7}.Release|iPhoneSimulator.Build.0 = Release|Any CPU
		{BA8BF841-AD64-4D6A-9440-B02FB4843BA7}.Release|x64.ActiveCfg = Release|Any CPU
		{BA8BF841-AD64-4D6A-9440-B02FB4843BA7}.Release|x64.Build.0 = Release|Any CPU
		{BA8BF841-AD64-4D6A-9440-B02FB4843BA7}.Release|x86.ActiveCfg = Release|Any CPU
		{BA8BF841-AD64-4D6A-9440-B02FB4843BA7}.Release|x86.Build.0 = Release|Any CPU
	EndGlobalSection
	GlobalSection(SolutionProperties) = preSolution
		HideSolutionNode = FALSE
	EndGlobalSection
	GlobalSection(ExtensibilityGlobals) = postSolution
		SolutionGuid = {E9605990-EB3F-4BC7-BE70-FD34FBA8A4FD}
	EndGlobalSection
EndGlobal
